
Microsoft Visual Studio Solution File, Format Version 12.00
# Visual Studio Version 17
VisualStudioVersion = 17.12.35527.113 d17.12
MinimumVisualStudioVersion = 10.0.40219.1
Project("{54A90642-561A-4BB1-A94E-469ADEE60C69}") = "TypescriptTestApp", "TypescriptTestApp\TypescriptTestApp.esproj", "{A9233F5A-85B8-4C64-8662-EF1B4DFA050C}"
EndProject
Global
	GlobalSection(SolutionConfigurationPlatforms) = preSolution
		Debug|Any CPU = Debug|Any CPU
		Release|Any CPU = Release|Any CPU
	EndGlobalSection
	GlobalSection(ProjectConfigurationPlatforms) = postSolution
		{A9233F5A-85B8-4C64-8662-EF1B4DFA050C}.Debug|Any CPU.ActiveCfg = Debug|Any CPU
		{A9233F5A-85B8-4C64-8662-EF1B4DFA050C}.Debug|Any CPU.Build.0 = Debug|Any CPU
		{A9233F5A-85B8-4C64-8662-EF1B4DFA050C}.Debug|Any CPU.Deploy.0 = Debug|Any CPU
		{A9233F5A-85B8-4C64-8662-EF1B4DFA050C}.Release|Any CPU.ActiveCfg = Release|Any CPU
		{A9233F5A-85B8-4C64-8662-EF1B4DFA050C}.Release|Any CPU.Build.0 = Release|Any CPU
		{A9233F5A-85B8-4C64-8662-EF1B4DFA050C}.Release|Any CPU.Deploy.0 = Release|Any CPU
	EndGlobalSection
	GlobalSection(SolutionProperties) = preSolution
		HideSolutionNode = FALSE
	EndGlobalSection
EndGlobal
